
Microsoft Visual Studio Solution File, Format Version 12.00
# Visual Studio Version 17
VisualStudioVersion = 17.12.35514.174
MinimumVisualStudioVersion = 10.0.40219.1
Project("{FAE04EC0-301F-11D3-BF4B-00C04F79EFBC}") = "Jsm33t.Api", "Jsm33t.Api\Jsm33t.Api.csproj", "{BE8229F7-3139-4982-B774-63BCC98CDBF3}"
EndProject
Project("{FAE04EC0-301F-11D3-BF4B-00C04F79EFBC}") = "Jsm33t.Contracts", "Jsm33t.Contracts\Jsm33t.Contracts.csproj", "{C4D6ECFE-1B56-4080-99BB-A36FF6101D39}"
EndProject
Project("{FAE04EC0-301F-11D3-BF4B-00C04F79EFBC}") = "Jsm33t.Shared", "Jsm33t.Shared\Jsm33t.Shared.csproj", "{3B5E6833-4249-4E91-8552-6533BD9AA5E4}"
EndProject
Project("{FAE04EC0-301F-11D3-BF4B-00C04F79EFBC}") = "Jsm33t.Infra", "Jsm33t.Infra\Jsm33t.Infra.csproj", "{A305C6C8-FCC9-4467-87B2-D56A3C8D0260}"
EndProject
Project("{FAE04EC0-301F-11D3-BF4B-00C04F79EFBC}") = "Jsm33t.Repositories", "Jsm33t.Repositories\Jsm33t.Repositories.csproj", "{72B17A59-E869-4DEE-BA64-FC9A87D99455}"
EndProject
Project("{FAE04EC0-301F-11D3-BF4B-00C04F79EFBC}") = "Jsm33t.Application", "Jsm33t.Application\Jsm33t.Application.csproj", "{F9F6919D-BD89-4BB9-BD5C-5B6DBB31B1C1}"
EndProject
Project("{00D1A9C2-B5F0-4AF3-8072-F6C62B433612}") = "Jsm33t.Data", "Jsm33t.Data\Jsm33t.Data.sqlproj", "{63B9F8F2-236F-4763-A503-5305B92611EE}"
EndProject
Project("{FAE04EC0-301F-11D3-BF4B-00C04F79EFBC}") = "Jsm33t.Validators", "Jsm33t.Validators\Jsm33t.Validators.csproj", "{A6F9EAEC-460D-4CE5-A85C-23A1FEF49A6C}"
EndProject
Global
	GlobalSection(SolutionConfigurationPlatforms) = preSolution
		Debug|Any CPU = Debug|Any CPU
		Release|Any CPU = Release|Any CPU
	EndGlobalSection
	GlobalSection(ProjectConfigurationPlatforms) = postSolution
		{BE8229F7-3139-4982-B774-63BCC98CDBF3}.Debug|Any CPU.ActiveCfg = Debug|Any CPU
		{BE8229F7-3139-4982-B774-63BCC98CDBF3}.Debug|Any CPU.Build.0 = Debug|Any CPU
		{BE8229F7-3139-4982-B774-63BCC98CDBF3}.Release|Any CPU.ActiveCfg = Release|Any CPU
		{BE8229F7-3139-4982-B774-63BCC98CDBF3}.Release|Any CPU.Build.0 = Release|Any CPU
		{C4D6ECFE-1B56-4080-99BB-A36FF6101D39}.Debug|Any CPU.ActiveCfg = Debug|Any CPU
		{C4D6ECFE-1B56-4080-99BB-A36FF6101D39}.Debug|Any CPU.Build.0 = Debug|Any CPU
		{C4D6ECFE-1B56-4080-99BB-A36FF6101D39}.Release|Any CPU.ActiveCfg = Release|Any CPU
		{C4D6ECFE-1B56-4080-99BB-A36FF6101D39}.Release|Any CPU.Build.0 = Release|Any CPU
		{3B5E6833-4249-4E91-8552-6533BD9AA5E4}.Debug|Any CPU.ActiveCfg = Debug|Any CPU
		{3B5E6833-4249-4E91-8552-6533BD9AA5E4}.Debug|Any CPU.Build.0 = Debug|Any CPU
		{3B5E6833-4249-4E91-8552-6533BD9AA5E4}.Release|Any CPU.ActiveCfg = Release|Any CPU
		{3B5E6833-4249-4E91-8552-6533BD9AA5E4}.Release|Any CPU.Build.0 = Release|Any CPU
		{A305C6C8-FCC9-4467-87B2-D56A3C8D0260}.Debug|Any CPU.ActiveCfg = Debug|Any CPU
		{A305C6C8-FCC9-4467-87B2-D56A3C8D0260}.Debug|Any CPU.Build.0 = Debug|Any CPU
		{A305C6C8-FCC9-4467-87B2-D56A3C8D0260}.Release|Any CPU.ActiveCfg = Release|Any CPU
		{A305C6C8-FCC9-4467-87B2-D56A3C8D0260}.Release|Any CPU.Build.0 = Release|Any CPU
		{72B17A59-E869-4DEE-BA64-FC9A87D99455}.Debug|Any CPU.ActiveCfg = Debug|Any CPU
		{72B17A59-E869-4DEE-BA64-FC9A87D99455}.Debug|Any CPU.Build.0 = Debug|Any CPU
		{72B17A59-E869-4DEE-BA64-FC9A87D99455}.Release|Any CPU.ActiveCfg = Release|Any CPU
		{72B17A59-E869-4DEE-BA64-FC9A87D99455}.Release|Any CPU.Build.0 = Release|Any CPU
		{F9F6919D-BD89-4BB9-BD5C-5B6DBB31B1C1}.Debug|Any CPU.ActiveCfg = Debug|Any CPU
		{F9F6919D-BD89-4BB9-BD5C-5B6DBB31B1C1}.Debug|Any CPU.Build.0 = Debug|Any CPU
		{F9F6919D-BD89-4BB9-BD5C-5B6DBB31B1C1}.Release|Any CPU.ActiveCfg = Release|Any CPU
		{F9F6919D-BD89-4BB9-BD5C-5B6DBB31B1C1}.Release|Any CPU.Build.0 = Release|Any CPU
		{63B9F8F2-236F-4763-A503-5305B92611EE}.Debug|Any CPU.ActiveCfg = Debug|Any CPU
		{63B9F8F2-236F-4763-A503-5305B92611EE}.Debug|Any CPU.Build.0 = Debug|Any CPU
		{63B9F8F2-236F-4763-A503-5305B92611EE}.Debug|Any CPU.Deploy.0 = Debug|Any CPU
		{63B9F8F2-236F-4763-A503-5305B92611EE}.Release|Any CPU.ActiveCfg = Release|Any CPU
		{63B9F8F2-236F-4763-A503-5305B92611EE}.Release|Any CPU.Build.0 = Release|Any CPU
		{63B9F8F2-236F-4763-A503-5305B92611EE}.Release|Any CPU.Deploy.0 = Release|Any CPU
		{A6F9EAEC-460D-4CE5-A85C-23A1FEF49A6C}.Debug|Any CPU.ActiveCfg = Debug|Any CPU
		{A6F9EAEC-460D-4CE5-A85C-23A1FEF49A6C}.Debug|Any CPU.Build.0 = Debug|Any CPU
		{A6F9EAEC-460D-4CE5-A85C-23A1FEF49A6C}.Release|Any CPU.ActiveCfg = Release|Any CPU
		{A6F9EAEC-460D-4CE5-A85C-23A1FEF49A6C}.Release|Any CPU.Build.0 = Release|Any CPU
	EndGlobalSection
	GlobalSection(SolutionProperties) = preSolution
		HideSolutionNode = FALSE
	EndGlobalSection
	GlobalSection(ExtensibilityGlobals) = postSolution
		SolutionGuid = {6F1EBD6A-ED8B-4455-A4A0-1C896A948F49}
	EndGlobalSection
EndGlobal
