
Microsoft Visual Studio Solution File, Format Version 12.00
# Visual Studio Version 17
VisualStudioVersion = 17.13.35919.96
MinimumVisualStudioVersion = 10.0.40219.1
Project("{FAE04EC0-301F-11D3-BF4B-00C04F79EFBC}") = "JassWebApi.Base", "JassWebApi.Base\JassWebApi.Base.csproj", "{7AA5CF46-EDFD-46A4-97CB-D988E6DD58FC}"
EndProject
Project("{FAE04EC0-301F-11D3-BF4B-00C04F79EFBC}") = "JassWebApi.Entities", "JassWebApi.Entities\JassWebApi.Entities.csproj", "{8017D16C-9D0F-4296-879B-2892DAD28852}"
EndProject
Project("{FAE04EC0-301F-11D3-BF4B-00C04F79EFBC}") = "JassWebApi.Data", "JassWebApi.Data\JassWebApi.Data.csproj", "{88545A59-80E2-4779-9977-0EBEB5761267}"
EndProject
Global
	GlobalSection(SolutionConfigurationPlatforms) = preSolution
		Debug|Any CPU = Debug|Any CPU
		Release|Any CPU = Release|Any CPU
	EndGlobalSection
	GlobalSection(ProjectConfigurationPlatforms) = postSolution
		{7AA5CF46-EDFD-46A4-97CB-D988E6DD58FC}.Debug|Any CPU.ActiveCfg = Debug|Any CPU
		{7AA5CF46-EDFD-46A4-97CB-D988E6DD58FC}.Debug|Any CPU.Build.0 = Debug|Any CPU
		{7AA5CF46-EDFD-46A4-97CB-D988E6DD58FC}.Release|Any CPU.ActiveCfg = Release|Any CPU
		{7AA5CF46-EDFD-46A4-97CB-D988E6DD58FC}.Release|Any CPU.Build.0 = Release|Any CPU
		{8017D16C-9D0F-4296-879B-2892DAD28852}.Debug|Any CPU.ActiveCfg = Debug|Any CPU
		{8017D16C-9D0F-4296-879B-2892DAD28852}.Debug|Any CPU.Build.0 = Debug|Any CPU
		{8017D16C-9D0F-4296-879B-2892DAD28852}.Release|Any CPU.ActiveCfg = Release|Any CPU
		{8017D16C-9D0F-4296-879B-2892DAD28852}.Release|Any CPU.Build.0 = Release|Any CPU
		{88545A59-80E2-4779-9977-0EBEB5761267}.Debug|Any CPU.ActiveCfg = Debug|Any CPU
		{88545A59-80E2-4779-9977-0EBEB5761267}.Debug|Any CPU.Build.0 = Debug|Any CPU
		{88545A59-80E2-4779-9977-0EBEB5761267}.Release|Any CPU.ActiveCfg = Release|Any CPU
		{88545A59-80E2-4779-9977-0EBEB5761267}.Release|Any CPU.Build.0 = Release|Any CPU
	EndGlobalSection
	GlobalSection(SolutionProperties) = preSolution
		HideSolutionNode = FALSE
	EndGlobalSection
	GlobalSection(ExtensibilityGlobals) = postSolution
		SolutionGuid = {CC616368-262F-43ED-881A-89715C39A3D1}
	EndGlobalSection
EndGlobal
